{
  "name": "ucsm-frwc-2026",
  "lockfileVersion": 3,
  "requires": true,
  "packages": {
    "": {
      "dependencies": {
        "lucide": "^0.562.0"
      }
    },
    "node_modules/lucide": {
      "version": "0.562.0",
      "resolved": "https://registry.npmjs.org/lucide/-/lucide-0.562.0.tgz",
      "integrity": "sha512-k1Fb8ZMnRQovWRlea7Jr0b9UKA29IM7/cu79+mJrhVohvA2YC/Ti3Sk+G+h/SIu3IlrKT4RAbWMHUBBQd1O6XA==",
      "license": "ISC"
    }
  }
}
